
Microsoft Visual Studio Solution File, Format Version 12.00
# Visual Studio 2013
VisualStudioVersion = 12.0.21005.1
MinimumVisualStudioVersion = 10.0.40219.1
Project("{FAE04EC0-301F-11D3-BF4B-00C04F79EFBC}") = "GTFS.Test", "GTFS.Test\GTFS.Test.csproj", "{1B647AFD-FE2D-4956-9697-34E6990A6C0C}"
EndProject
Project("{FAE04EC0-301F-11D3-BF4B-00C04F79EFBC}") = "GTFS", "GTFS\GTFS.csproj", "{81F40909-0A8A-4F2A-8F59-A54896BFAE89}"
EndProject
Project("{FAE04EC0-301F-11D3-BF4B-00C04F79EFBC}") = "GTFS.IO", "GTFS.IO\GTFS.IO.csproj", "{39531D68-74CF-4C1C-9271-A2C874495383}"
EndProject
Project("{FAE04EC0-301F-11D3-BF4B-00C04F79EFBC}") = "GTFS.Validator", "GTFS.Validator\GTFS.Validator.csproj", "{64CE547A-C275-4724-9784-4078DBE5950A}"
EndProject
Project("{FAE04EC0-301F-11D3-BF4B-00C04F79EFBC}") = "GTFS.DB.SQLite", "GTFS.DB.SQLite\GTFS.DB.SQLite.csproj", "{41B2BADA-85AB-4967-8511-16EEDE2301AA}"
EndProject
Project("{FAE04EC0-301F-11D3-BF4B-00C04F79EFBC}") = "GTFS.Tool", "GTFS.Tool\GTFS.Tool.csproj", "{07D5B1E0-328D-47EA-A086-2F312AF7EF68}"
EndProject
Global
	GlobalSection(SolutionConfigurationPlatforms) = preSolution
		Debug|Any CPU = Debug|Any CPU
		Release|Any CPU = Release|Any CPU
	EndGlobalSection
	GlobalSection(ProjectConfigurationPlatforms) = postSolution
		{1B647AFD-FE2D-4956-9697-34E6990A6C0C}.Debug|Any CPU.ActiveCfg = Debug|Any CPU
		{1B647AFD-FE2D-4956-9697-34E6990A6C0C}.Debug|Any CPU.Build.0 = Debug|Any CPU
		{1B647AFD-FE2D-4956-9697-34E6990A6C0C}.Release|Any CPU.ActiveCfg = Release|Any CPU
		{1B647AFD-FE2D-4956-9697-34E6990A6C0C}.Release|Any CPU.Build.0 = Release|Any CPU
		{81F40909-0A8A-4F2A-8F59-A54896BFAE89}.Debug|Any CPU.ActiveCfg = Debug|Any CPU
		{81F40909-0A8A-4F2A-8F59-A54896BFAE89}.Debug|Any CPU.Build.0 = Debug|Any CPU
		{81F40909-0A8A-4F2A-8F59-A54896BFAE89}.Release|Any CPU.ActiveCfg = Release|Any CPU
		{81F40909-0A8A-4F2A-8F59-A54896BFAE89}.Release|Any CPU.Build.0 = Release|Any CPU
		{39531D68-74CF-4C1C-9271-A2C874495383}.Debug|Any CPU.ActiveCfg = Debug|Any CPU
		{39531D68-74CF-4C1C-9271-A2C874495383}.Debug|Any CPU.Build.0 = Debug|Any CPU
		{39531D68-74CF-4C1C-9271-A2C874495383}.Release|Any CPU.ActiveCfg = Release|Any CPU
		{39531D68-74CF-4C1C-9271-A2C874495383}.Release|Any CPU.Build.0 = Release|Any CPU
		{64CE547A-C275-4724-9784-4078DBE5950A}.Debug|Any CPU.ActiveCfg = Debug|Any CPU
		{64CE547A-C275-4724-9784-4078DBE5950A}.Debug|Any CPU.Build.0 = Debug|Any CPU
		{64CE547A-C275-4724-9784-4078DBE5950A}.Release|Any CPU.ActiveCfg = Release|Any CPU
		{64CE547A-C275-4724-9784-4078DBE5950A}.Release|Any CPU.Build.0 = Release|Any CPU
		{41B2BADA-85AB-4967-8511-16EEDE2301AA}.Debug|Any CPU.ActiveCfg = Debug|Any CPU
		{41B2BADA-85AB-4967-8511-16EEDE2301AA}.Debug|Any CPU.Build.0 = Debug|Any CPU
		{41B2BADA-85AB-4967-8511-16EEDE2301AA}.Release|Any CPU.ActiveCfg = Release|Any CPU
		{41B2BADA-85AB-4967-8511-16EEDE2301AA}.Release|Any CPU.Build.0 = Release|Any CPU
		{07D5B1E0-328D-47EA-A086-2F312AF7EF68}.Debug|Any CPU.ActiveCfg = Debug|Any CPU
		{07D5B1E0-328D-47EA-A086-2F312AF7EF68}.Debug|Any CPU.Build.0 = Debug|Any CPU
		{07D5B1E0-328D-47EA-A086-2F312AF7EF68}.Release|Any CPU.ActiveCfg = Release|Any CPU
		{07D5B1E0-328D-47EA-A086-2F312AF7EF68}.Release|Any CPU.Build.0 = Release|Any CPU
	EndGlobalSection
	GlobalSection(SolutionProperties) = preSolution
		HideSolutionNode = FALSE
	EndGlobalSection
EndGlobal
