
Microsoft Visual Studio Solution File, Format Version 12.00
# Visual Studio 14
VisualStudioVersion = 14.0.25420.1
MinimumVisualStudioVersion = 10.0.40219.1
Project("{2150E333-8FDC-42A3-9474-1A3956D46DE8}") = "src", "src", "{69AA29C8-4C3B-4C89-8299-172D493A2224}"
EndProject
Project("{8BB2217D-0F2D-49D1-97BC-3654ED321F3B}") = "GTFS", "src\GTFS\GTFS.xproj", "{77D6A759-9DE4-4E23-B932-8BF52314CFE2}"
EndProject
Project("{2150E333-8FDC-42A3-9474-1A3956D46DE8}") = "Solution Items", "Solution Items", "{53D66DF2-A67F-4BD9-9043-C5BF865283C7}"
	ProjectSection(SolutionItems) = preProject
		global.json = global.json
		README.md = README.md
		SharedAssemblyVersion.cs = SharedAssemblyVersion.cs
	EndProjectSection
EndProject
Project("{8BB2217D-0F2D-49D1-97BC-3654ED321F3B}") = "GTFS.DB.SQLite", "src\GTFS.DB.SQLite\GTFS.DB.SQLite.xproj", "{2E4B635D-9943-4768-BA82-774484D2B4F6}"
EndProject
Project("{2150E333-8FDC-42A3-9474-1A3956D46DE8}") = "test", "test", "{E4CE4429-9D6C-439D-8E54-E0A23CFBE162}"
EndProject
Project("{8BB2217D-0F2D-49D1-97BC-3654ED321F3B}") = "GTFS.Test", "test\GTFS.Test\GTFS.Test.xproj", "{1DC682D7-0EA3-48F3-93F0-735B7D9739FE}"
EndProject
Project("{8BB2217D-0F2D-49D1-97BC-3654ED321F3B}") = "GTFS.CLI", "src\GTFS.CLI\GTFS.CLI.xproj", "{CF866134-31C1-4BE2-A859-03145C30783F}"
EndProject
Project("{2150E333-8FDC-42A3-9474-1A3956D46DE8}") = "nuspec", "nuspec", "{316A3AEF-526C-4CC3-8A42-8CB1AEA899C9}"
	ProjectSection(SolutionItems) = preProject
		nuspec\GTFS.DB.SQLite.nuspec = nuspec\GTFS.DB.SQLite.nuspec
		nuspec\GTFS.nuspec = nuspec\GTFS.nuspec
		nuspec\GTFS.Shapes.nuspec = nuspec\GTFS.Shapes.nuspec
	EndProjectSection
EndProject
Project("{8BB2217D-0F2D-49D1-97BC-3654ED321F3B}") = "GTFS.Shapes", "src\GTFS.Shapes\GTFS.Shapes.xproj", "{37E0E385-63AF-44BE-8925-3BDC574C700C}"
EndProject
Project("{8BB2217D-0F2D-49D1-97BC-3654ED321F3B}") = "GTFS.Test.Functional", "test\GTFS.Test.Functional\GTFS.Test.Functional.xproj", "{F88D923C-1F95-497B-92FC-7C28D3B6C688}"
EndProject
Global
	GlobalSection(SolutionConfigurationPlatforms) = preSolution
		Debug|Any CPU = Debug|Any CPU
		Release|Any CPU = Release|Any CPU
	EndGlobalSection
	GlobalSection(ProjectConfigurationPlatforms) = postSolution
		{77D6A759-9DE4-4E23-B932-8BF52314CFE2}.Debug|Any CPU.ActiveCfg = Debug|Any CPU
		{77D6A759-9DE4-4E23-B932-8BF52314CFE2}.Debug|Any CPU.Build.0 = Debug|Any CPU
		{77D6A759-9DE4-4E23-B932-8BF52314CFE2}.Release|Any CPU.ActiveCfg = Release|Any CPU
		{77D6A759-9DE4-4E23-B932-8BF52314CFE2}.Release|Any CPU.Build.0 = Release|Any CPU
		{2E4B635D-9943-4768-BA82-774484D2B4F6}.Debug|Any CPU.ActiveCfg = Debug|Any CPU
		{2E4B635D-9943-4768-BA82-774484D2B4F6}.Debug|Any CPU.Build.0 = Debug|Any CPU
		{2E4B635D-9943-4768-BA82-774484D2B4F6}.Release|Any CPU.ActiveCfg = Release|Any CPU
		{2E4B635D-9943-4768-BA82-774484D2B4F6}.Release|Any CPU.Build.0 = Release|Any CPU
		{1DC682D7-0EA3-48F3-93F0-735B7D9739FE}.Debug|Any CPU.ActiveCfg = Debug|Any CPU
		{1DC682D7-0EA3-48F3-93F0-735B7D9739FE}.Debug|Any CPU.Build.0 = Debug|Any CPU
		{1DC682D7-0EA3-48F3-93F0-735B7D9739FE}.Release|Any CPU.ActiveCfg = Release|Any CPU
		{1DC682D7-0EA3-48F3-93F0-735B7D9739FE}.Release|Any CPU.Build.0 = Release|Any CPU
		{CF866134-31C1-4BE2-A859-03145C30783F}.Debug|Any CPU.ActiveCfg = Debug|Any CPU
		{CF866134-31C1-4BE2-A859-03145C30783F}.Debug|Any CPU.Build.0 = Debug|Any CPU
		{CF866134-31C1-4BE2-A859-03145C30783F}.Release|Any CPU.ActiveCfg = Release|Any CPU
		{CF866134-31C1-4BE2-A859-03145C30783F}.Release|Any CPU.Build.0 = Release|Any CPU
		{37E0E385-63AF-44BE-8925-3BDC574C700C}.Debug|Any CPU.ActiveCfg = Debug|Any CPU
		{37E0E385-63AF-44BE-8925-3BDC574C700C}.Debug|Any CPU.Build.0 = Debug|Any CPU
		{37E0E385-63AF-44BE-8925-3BDC574C700C}.Release|Any CPU.ActiveCfg = Release|Any CPU
		{37E0E385-63AF-44BE-8925-3BDC574C700C}.Release|Any CPU.Build.0 = Release|Any CPU
		{F88D923C-1F95-497B-92FC-7C28D3B6C688}.Debug|Any CPU.ActiveCfg = Debug|Any CPU
		{F88D923C-1F95-497B-92FC-7C28D3B6C688}.Debug|Any CPU.Build.0 = Debug|Any CPU
		{F88D923C-1F95-497B-92FC-7C28D3B6C688}.Release|Any CPU.ActiveCfg = Release|Any CPU
		{F88D923C-1F95-497B-92FC-7C28D3B6C688}.Release|Any CPU.Build.0 = Release|Any CPU
	EndGlobalSection
	GlobalSection(SolutionProperties) = preSolution
		HideSolutionNode = FALSE
	EndGlobalSection
	GlobalSection(NestedProjects) = preSolution
		{77D6A759-9DE4-4E23-B932-8BF52314CFE2} = {69AA29C8-4C3B-4C89-8299-172D493A2224}
		{2E4B635D-9943-4768-BA82-774484D2B4F6} = {69AA29C8-4C3B-4C89-8299-172D493A2224}
		{1DC682D7-0EA3-48F3-93F0-735B7D9739FE} = {E4CE4429-9D6C-439D-8E54-E0A23CFBE162}
		{CF866134-31C1-4BE2-A859-03145C30783F} = {69AA29C8-4C3B-4C89-8299-172D493A2224}
		{37E0E385-63AF-44BE-8925-3BDC574C700C} = {69AA29C8-4C3B-4C89-8299-172D493A2224}
		{F88D923C-1F95-497B-92FC-7C28D3B6C688} = {E4CE4429-9D6C-439D-8E54-E0A23CFBE162}
	EndGlobalSection
EndGlobal
